github.com/atc0005/go-nagios v0.2.0 h1:1TL4sN+TaoQFvSBLkAoDVdKJ2Qt+eJQgIN944SlmxU4=
github.com/atc0005/go-nagios v0.2.0/go.mod h1:ZExHMDSmp3B7oqX2Ok+YHjw/tgY10AxOIRTvKAh4o90=
github.com/atc0005/go-nagios v0.3.0 h1:jV92HjmBO6b5Z+UVoByIZYySvFFtwUlvF+OEcRmPhdI=
github.com/atc0005/go-nagios v0.3.0/go.mod h1:ZExHMDSmp3B7oqX2Ok+YHjw/tgY10AxOIRTvKAh4o90=
